// !$*UTF8*$!
{
	archiveVersion = 1;
	classes = {
	};
	objectVersion = 77;
	objects = {

/* Begin PBXBuildFile section */
		E34CCEC62D91FAEA00A89722 /* libvulkan.1.4.304.dylib in Frameworks */ = {isa = PBXBuildFile; fileRef = E34CCEC42D91FAEA00A89722 /* libvulkan.1.4.304.dylib */; };
		E34CCEC72D91FAEA00A89722 /* libvulkan.1.dylib in Frameworks */ = {isa = PBXBuildFile; fileRef = E34CCEC52D91FAEA00A89722 /* libvulkan.1.dylib */; };
		E34CCECA2D91FAF600A89722 /* libvulkan.1.4.304.dylib in CopyFiles */ = {isa = PBXBuildFile; fileRef = E34CCEC82D91FAF600A89722 /* libvulkan.1.4.304.dylib */; };
		E34CCECB2D91FAF600A89722 /* libvulkan.1.dylib in CopyFiles */ = {isa = PBXBuildFile; fileRef = E34CCEC92D91FAF600A89722 /* libvulkan.1.dylib */; };
		E34CCECD2D91FB0900A89722 /* libglfw.3.4.dylib in Frameworks */ = {isa = PBXBuildFile; fileRef = E34CCECC2D91FB0900A89722 /* libglfw.3.4.dylib */; };
		E34CCECF2D91FB0F00A89722 /* libglfw.3.4.dylib in CopyFiles */ = {isa = PBXBuildFile; fileRef = E34CCECE2D91FB0F00A89722 /* libglfw.3.4.dylib */; };
/* End PBXBuildFile section */

/* Begin PBXCopyFilesBuildPhase section */
		E34200412D8E36320017E870 /* CopyFiles */ = {
			isa = PBXCopyFilesBuildPhase;
			buildActionMask = 12;
			dstPath = "";
			dstSubfolderSpec = 10;
			files = (
				E34CCECF2D91FB0F00A89722 /* libglfw.3.4.dylib in CopyFiles */,
				E34CCECA2D91FAF600A89722 /* libvulkan.1.4.304.dylib in CopyFiles */,
				E34CCECB2D91FAF600A89722 /* libvulkan.1.dylib in CopyFiles */,
			);
			runOnlyForDeploymentPostprocessing = 0;
		};
/* End PBXCopyFilesBuildPhase section */

/* Begin PBXFileReference section */
		E34200432D8E36320017E870 /* vktest */ = {isa = PBXFileReference; explicitFileType = "compiled.mach-o.executable"; includeInIndex = 0; path = vktest; sourceTree = BUILT_PRODUCTS_DIR; };
		E34CCEC42D91FAEA00A89722 /* libvulkan.1.4.304.dylib */ = {isa = PBXFileReference; lastKnownFileType = "compiled.mach-o.dylib"; name = libvulkan.1.4.304.dylib; path = ../../VulkanSDK/1.4.304.1/macOS/lib/libvulkan.1.4.304.dylib; sourceTree = "<group>"; };
		E34CCEC52D91FAEA00A89722 /* libvulkan.1.dylib */ = {isa = PBXFileReference; lastKnownFileType = "compiled.mach-o.dylib"; name = libvulkan.1.dylib; path = ../../VulkanSDK/1.4.304.1/macOS/lib/libvulkan.1.dylib; sourceTree = "<group>"; };
		E34CCEC82D91FAF600A89722 /* libvulkan.1.4.304.dylib */ = {isa = PBXFileReference; lastKnownFileType = "compiled.mach-o.dylib"; name = libvulkan.1.4.304.dylib; path = ../../VulkanSDK/1.4.304.1/macOS/lib/libvulkan.1.4.304.dylib; sourceTree = "<group>"; };
		E34CCEC92D91FAF600A89722 /* libvulkan.1.dylib */ = {isa = PBXFileReference; lastKnownFileType = "compiled.mach-o.dylib"; name = libvulkan.1.dylib; path = ../../VulkanSDK/1.4.304.1/macOS/lib/libvulkan.1.dylib; sourceTree = "<group>"; };
		E34CCECC2D91FB0900A89722 /* libglfw.3.4.dylib */ = {isa = PBXFileReference; lastKnownFileType = "compiled.mach-o.dylib"; name = libglfw.3.4.dylib; path = ../../../../../opt/homebrew/lib/libglfw.3.4.dylib; sourceTree = "<group>"; };
		E34CCECE2D91FB0F00A89722 /* libglfw.3.4.dylib */ = {isa = PBXFileReference; lastKnownFileType = "compiled.mach-o.dylib"; name = libglfw.3.4.dylib; path = ../../../../../opt/homebrew/lib/libglfw.3.4.dylib; sourceTree = "<group>"; };
/* End PBXFileReference section */

/* Begin PBXFileSystemSynchronizedRootGroup section */
		E34200452D8E36320017E870 /* vktest */ = {
			isa = PBXFileSystemSynchronizedRootGroup;
			path = vktest;
			sourceTree = "<group>";
		};
/* End PBXFileSystemSynchronizedRootGroup section */

/* Begin PBXFrameworksBuildPhase section */
		E34200402D8E36320017E870 /* Frameworks */ = {
			isa = PBXFrameworksBuildPhase;
			buildActionMask = 2147483647;
			files = (
				E34CCEC62D91FAEA00A89722 /* libvulkan.1.4.304.dylib in Frameworks */,
				E34CCEC72D91FAEA00A89722 /* libvulkan.1.dylib in Frameworks */,
				E34CCECD2D91FB0900A89722 /* libglfw.3.4.dylib in Frameworks */,
			);
			runOnlyForDeploymentPostprocessing = 0;
		};
/* End PBXFrameworksBuildPhase section */

/* Begin PBXGroup section */
		E342003A2D8E36320017E870 = {
			isa = PBXGroup;
			children = (
				E34CCECE2D91FB0F00A89722 /* libglfw.3.4.dylib */,
				E34CCEC92D91FAF600A89722 /* libvulkan.1.dylib */,
				E34CCEC82D91FAF600A89722 /* libvulkan.1.4.304.dylib */,
				E34200452D8E36320017E870 /* vktest */,
				E34CCEC32D91FAEA00A89722 /* Frameworks */,
				E34200442D8E36320017E870 /* Products */,
			);
			sourceTree = "<group>";
		};
		E34200442D8E36320017E870 /* Products */ = {
			isa = PBXGroup;
			children = (
				E34200432D8E36320017E870 /* vktest */,
			);
			name = Products;
			sourceTree = "<group>";
		};
		E34CCEC32D91FAEA00A89722 /* Frameworks */ = {
			isa = PBXGroup;
			children = (
				E34CCECC2D91FB0900A89722 /* libglfw.3.4.dylib */,
				E34CCEC52D91FAEA00A89722 /* libvulkan.1.dylib */,
				E34CCEC42D91FAEA00A89722 /* libvulkan.1.4.304.dylib */,
			);
			name = Frameworks;
			sourceTree = "<group>";
		};
/* End PBXGroup section */

/* Begin PBXNativeTarget section */
		E34200422D8E36320017E870 /* vktest */ = {
			isa = PBXNativeTarget;
			buildConfigurationList = E342004A2D8E36320017E870 /* Build configuration list for PBXNativeTarget "vktest" */;
			buildPhases = (
				E342003F2D8E36320017E870 /* Sources */,
				E34200402D8E36320017E870 /* Frameworks */,
				E34200412D8E36320017E870 /* CopyFiles */,
			);
			buildRules = (
			);
			dependencies = (
			);
			fileSystemSynchronizedGroups = (
				E34200452D8E36320017E870 /* vktest */,
			);
			name = vktest;
			packageProductDependencies = (
			);
			productName = vktest;
			productReference = E34200432D8E36320017E870 /* vktest */;
			productType = "com.apple.product-type.tool";
		};
/* End PBXNativeTarget section */

/* Begin PBXProject section */
		E342003B2D8E36320017E870 /* Project object */ = {
			isa = PBXProject;
			attributes = {
				BuildIndependentTargetsInParallel = 1;
				LastUpgradeCheck = 1620;
				TargetAttributes = {
					E34200422D8E36320017E870 = {
						CreatedOnToolsVersion = 16.2;
					};
				};
			};
			buildConfigurationList = E342003E2D8E36320017E870 /* Build configuration list for PBXProject "vktest" */;
			developmentRegion = en;
			hasScannedForEncodings = 0;
			knownRegions = (
				en,
				Base,
			);
			mainGroup = E342003A2D8E36320017E870;
			minimizedProjectReferenceProxies = 1;
			preferredProjectObjectVersion = 77;
			productRefGroup = E34200442D8E36320017E870 /* Products */;
			projectDirPath = "";
			projectRoot = "";
			targets = (
				E34200422D8E36320017E870 /* vktest */,
			);
		};
/* End PBXProject section */

/* Begin PBXSourcesBuildPhase section */
		E342003F2D8E36320017E870 /* Sources */ = {
			isa = PBXSourcesBuildPhase;
			buildActionMask = 2147483647;
			files = (
			);
			runOnlyForDeploymentPostprocessing = 0;
		};
/* End PBXSourcesBuildPhase section */

/* Begin XCBuildConfiguration section */
		E34200482D8E36320017E870 /* Debug */ = {
			isa = XCBuildConfiguration;
			buildSettings = {
				ALWAYS_SEARCH_USER_PATHS = NO;
				ASSETCATALOG_COMPILER_GENERATE_SWIFT_ASSET_SYMBOL_EXTENSIONS = YES;
				CLANG_ANALYZER_NONNULL = YES;
				CLANG_ANALYZER_NUMBER_OBJECT_CONVERSION = YES_AGGRESSIVE;
				CLANG_CXX_LANGUAGE_STANDARD = "gnu++20";
				CLANG_ENABLE_MODULES = YES;
				CLANG_ENABLE_OBJC_ARC = YES;
				CLANG_ENABLE_OBJC_WEAK = YES;
				CLANG_WARN_BLOCK_CAPTURE_AUTORELEASING = YES;
				CLANG_WARN_BOOL_CONVERSION = YES;
				CLANG_WARN_COMMA = YES;
				CLANG_WARN_CONSTANT_CONVERSION = YES;
				CLANG_WARN_DEPRECATED_OBJC_IMPLEMENTATIONS = YES;
				CLANG_WARN_DIRECT_OBJC_ISA_USAGE = YES_ERROR;
				CLANG_WARN_DOCUMENTATION_COMMENTS = YES;
				CLANG_WARN_EMPTY_BODY = YES;
				CLANG_WARN_ENUM_CONVERSION = YES;
				CLANG_WARN_INFINITE_RECURSION = YES;
				CLANG_WARN_INT_CONVERSION = YES;
				CLANG_WARN_NON_LITERAL_NULL_CONVERSION = YES;
				CLANG_WARN_OBJC_IMPLICIT_RETAIN_SELF = YES;
				CLANG_WARN_OBJC_LITERAL_CONVERSION = YES;
				CLANG_WARN_OBJC_ROOT_CLASS = YES_ERROR;
				CLANG_WARN_QUOTED_INCLUDE_IN_FRAMEWORK_HEADER = YES;
				CLANG_WARN_RANGE_LOOP_ANALYSIS = YES;
				CLANG_WARN_STRICT_PROTOTYPES = YES;
				CLANG_WARN_SUSPICIOUS_MOVE = YES;
				CLANG_WARN_UNGUARDED_AVAILABILITY = YES_AGGRESSIVE;
				CLANG_WARN_UNREACHABLE_CODE = YES;
				CLANG_WARN__DUPLICATE_METHOD_MATCH = YES;
				COPY_PHASE_STRIP = NO;
				DEBUG_INFORMATION_FORMAT = dwarf;
				ENABLE_STRICT_OBJC_MSGSEND = YES;
				ENABLE_TESTABILITY = YES;
				ENABLE_USER_SCRIPT_SANDBOXING = YES;
				GCC_C_LANGUAGE_STANDARD = gnu17;
				GCC_DYNAMIC_NO_PIC = NO;
				GCC_NO_COMMON_BLOCKS = YES;
				GCC_OPTIMIZATION_LEVEL = 0;
				GCC_PREPROCESSOR_DEFINITIONS = (
					"DEBUG=1",
					"$(inherited)",
				);
				GCC_WARN_64_TO_32_BIT_CONVERSION = YES;
				GCC_WARN_ABOUT_RETURN_TYPE = YES_ERROR;
				GCC_WARN_UNDECLARED_SELECTOR = YES;
				GCC_WARN_UNINITIALIZED_AUTOS = YES_AGGRESSIVE;
				GCC_WARN_UNUSED_FUNCTION = YES;
				GCC_WARN_UNUSED_VARIABLE = YES;
				LOCALIZATION_PREFERS_STRING_CATALOGS = YES;
				MACOSX_DEPLOYMENT_TARGET = 15.2;
				MTL_ENABLE_DEBUG_INFO = INCLUDE_SOURCE;
				MTL_FAST_MATH = YES;
				ONLY_ACTIVE_ARCH = YES;
				SDKROOT = macosx;
			};
			name = Debug;
		};
		E34200492D8E36320017E870 /* Release */ = {
			isa = XCBuildConfiguration;
			buildSettings = {
				ALWAYS_SEARCH_USER_PATHS = NO;
				ASSETCATALOG_COMPILER_GENERATE_SWIFT_ASSET_SYMBOL_EXTENSIONS = YES;
				CLANG_ANALYZER_NONNULL = YES;
				CLANG_ANALYZER_NUMBER_OBJECT_CONVERSION = YES_AGGRESSIVE;
				CLANG_CXX_LANGUAGE_STANDARD = "gnu++20";
				CLANG_ENABLE_MODULES = YES;
				CLANG_ENABLE_OBJC_ARC = YES;
				CLANG_ENABLE_OBJC_WEAK = YES;
				CLANG_WARN_BLOCK_CAPTURE_AUTORELEASING = YES;
				CLANG_WARN_BOOL_CONVERSION = YES;
				CLANG_WARN_COMMA = YES;
				CLANG_WARN_CONSTANT_CONVERSION = YES;
				CLANG_WARN_DEPRECATED_OBJC_IMPLEMENTATIONS = YES;
				CLANG_WARN_DIRECT_OBJC_ISA_USAGE = YES_ERROR;
				CLANG_WARN_DOCUMENTATION_COMMENTS = YES;
				CLANG_WARN_EMPTY_BODY = YES;
				CLANG_WARN_ENUM_CONVERSION = YES;
				CLANG_WARN_INFINITE_RECURSION = YES;
				CLANG_WARN_INT_CONVERSION = YES;
				CLANG_WARN_NON_LITERAL_NULL_CONVERSION = YES;
				CLANG_WARN_OBJC_IMPLICIT_RETAIN_SELF = YES;
				CLANG_WARN_OBJC_LITERAL_CONVERSION = YES;
				CLANG_WARN_OBJC_ROOT_CLASS = YES_ERROR;
				CLANG_WARN_QUOTED_INCLUDE_IN_FRAMEWORK_HEADER = YES;
				CLANG_WARN_RANGE_LOOP_ANALYSIS = YES;
				CLANG_WARN_STRICT_PROTOTYPES = YES;
				CLANG_WARN_SUSPICIOUS_MOVE = YES;
				CLANG_WARN_UNGUARDED_AVAILABILITY = YES_AGGRESSIVE;
				CLANG_WARN_UNREACHABLE_CODE = YES;
				CLANG_WARN__DUPLICATE_METHOD_MATCH = YES;
				COPY_PHASE_STRIP = NO;
				DEBUG_INFORMATION_FORMAT = "dwarf-with-dsym";
				ENABLE_NS_ASSERTIONS = NO;
				ENABLE_STRICT_OBJC_MSGSEND = YES;
				ENABLE_USER_SCRIPT_SANDBOXING = YES;
				GCC_C_LANGUAGE_STANDARD = gnu17;
				GCC_NO_COMMON_BLOCKS = YES;
				GCC_WARN_64_TO_32_BIT_CONVERSION = YES;
				GCC_WARN_ABOUT_RETURN_TYPE = YES_ERROR;
				GCC_WARN_UNDECLARED_SELECTOR = YES;
				GCC_WARN_UNINITIALIZED_AUTOS = YES_AGGRESSIVE;
				GCC_WARN_UNUSED_FUNCTION = YES;
				GCC_WARN_UNUSED_VARIABLE = YES;
				LOCALIZATION_PREFERS_STRING_CATALOGS = YES;
				MACOSX_DEPLOYMENT_TARGET = 15.2;
				MTL_ENABLE_DEBUG_INFO = NO;
				MTL_FAST_MATH = YES;
				SDKROOT = macosx;
			};
			name = Release;
		};
		E342004B2D8E36320017E870 /* Debug */ = {
			isa = XCBuildConfiguration;
			buildSettings = {
				CODE_SIGN_ENTITLEMENTS = vktest/vktest.entitlements;
				CODE_SIGN_STYLE = Manual;
				DEVELOPMENT_TEAM = "";
				ENABLE_HARDENED_RUNTIME = YES;
				HEADER_SEARCH_PATHS = (
					/opt/homebrew/include,
					/Users/abigailgrobbel/Development/VulkanSDK/1.4.304.1/macOS/include,
				);
				LD_RUNPATH_SEARCH_PATHS = (
					/opt/homebrew/lib,
					/Users/abigailgrobbel/Development/VulkanSDK/1.4.304.1/macOS/lib,
				);
				LIBRARY_SEARCH_PATHS = (
					"$(inherited)",
					/opt/homebrew/lib,
					/Users/abigailgrobbel/Development/VulkanSDK/1.4.304.1/macOS/lib,
				);
				PRODUCT_NAME = "$(TARGET_NAME)";
				PROVISIONING_PROFILE_SPECIFIER = "";
			};
			name = Debug;
		};
		E342004C2D8E36320017E870 /* Release */ = {
			isa = XCBuildConfiguration;
			buildSettings = {
				CODE_SIGN_ENTITLEMENTS = vktest/vktest.entitlements;
				CODE_SIGN_STYLE = Manual;
				DEVELOPMENT_TEAM = "";
				ENABLE_HARDENED_RUNTIME = YES;
				HEADER_SEARCH_PATHS = (
					/opt/homebrew/include,
					/Users/abigailgrobbel/Development/VulkanSDK/1.4.304.1/macOS/include,
				);
				LD_RUNPATH_SEARCH_PATHS = (
					/opt/homebrew/lib,
					/Users/abigailgrobbel/Development/VulkanSDK/1.4.304.1/macOS/lib,
				);
				LIBRARY_SEARCH_PATHS = (
					"$(inherited)",
					/opt/homebrew/lib,
					/Users/abigailgrobbel/Development/VulkanSDK/1.4.304.1/macOS/lib,
				);
				PRODUCT_NAME = "$(TARGET_NAME)";
				PROVISIONING_PROFILE_SPECIFIER = "";
			};
			name = Release;
		};
/* End XCBuildConfiguration section */

/* Begin XCConfigurationList section */
		E342003E2D8E36320017E870 /* Build configuration list for PBXProject "vktest" */ = {
			isa = XCConfigurationList;
			buildConfigurations = (
				E34200482D8E36320017E870 /* Debug */,
				E34200492D8E36320017E870 /* Release */,
			);
			defaultConfigurationIsVisible = 0;
			defaultConfigurationName = Release;
		};
		E342004A2D8E36320017E870 /* Build configuration list for PBXNativeTarget "vktest" */ = {
			isa = XCConfigurationList;
			buildConfigurations = (
				E342004B2D8E36320017E870 /* Debug */,
				E342004C2D8E36320017E870 /* Release */,
			);
			defaultConfigurationIsVisible = 0;
			defaultConfigurationName = Release;
		};
/* End XCConfigurationList section */
	};
	rootObject = E342003B2D8E36320017E870 /* Project object */;
}
